
Microsoft Visual Studio Solution File, Format Version 12.00
# Visual Studio Version 16
VisualStudioVersion = 16.0.31019.35
MinimumVisualStudioVersion = 10.0.40219.1
Project("{FAE04EC0-301F-11D3-BF4B-00C04F79EFBC}") = "ChartControl", "ChartControl\ChartControl.csproj", "{6EB81A53-8022-4145-B280-7157A67F5F5A}"
EndProject
Global
	GlobalSection(SolutionConfigurationPlatforms) = preSolution
		Debug|Any CPU = Debug|Any CPU
		Release|Any CPU = Release|Any CPU
	EndGlobalSection
	GlobalSection(ProjectConfigurationPlatforms) = postSolution
		{6EB81A53-8022-4145-B280-7157A67F5F5A}.Debug|Any CPU.ActiveCfg = Debug|Any CPU
		{6EB81A53-8022-4145-B280-7157A67F5F5A}.Debug|Any CPU.Build.0 = Debug|Any CPU
		{6EB81A53-8022-4145-B280-7157A67F5F5A}.Debug|Any CPU.Deploy.0 = Debug|Any CPU
		{6EB81A53-8022-4145-B280-7157A67F5F5A}.Release|Any CPU.ActiveCfg = Release|Any CPU
		{6EB81A53-8022-4145-B280-7157A67F5F5A}.Release|Any CPU.Build.0 = Release|Any CPU
		{6EB81A53-8022-4145-B280-7157A67F5F5A}.Release|Any CPU.Deploy.0 = Release|Any CPU
	EndGlobalSection
	GlobalSection(SolutionProperties) = preSolution
		HideSolutionNode = FALSE
	EndGlobalSection
	GlobalSection(ExtensibilityGlobals) = postSolution
		SolutionGuid = {8D5188B1-3BC7-415D-8D30-A6B5E089EE65}
	EndGlobalSection
EndGlobal
